// !$*UTF8*$!
{
	archiveVersion = 1;
	classes = {
	};
	objectVersion = 55;
	objects = {

/* Begin PBXBuildFile section */
		0D2C62D82749B21100C42407 /* SearchVC.swift in Sources */ = {isa = PBXBuildFile; fileRef = 0D2C62D72749B21100C42407 /* SearchVC.swift */; };
		0D2C62DA2749B32D00C42407 /* FavoritesListVC.swift in Sources */ = {isa = PBXBuildFile; fileRef = 0D2C62D92749B32D00C42407 /* FavoritesListVC.swift */; };
		0D2C62DC2749C10300C42407 /* GFButton.swift in Sources */ = {isa = PBXBuildFile; fileRef = 0D2C62DB2749C10300C42407 /* GFButton.swift */; };
		0D653E0F27E6A9FD0023B87B /* GFTextField.swift in Sources */ = {isa = PBXBuildFile; fileRef = 0D653E0E27E6A9FD0023B87B /* GFTextField.swift */; };
		0D653E1127E6BB800023B87B /* FollowerListVC.swift in Sources */ = {isa = PBXBuildFile; fileRef = 0D653E1027E6BB800023B87B /* FollowerListVC.swift */; };
		0D653E1327E6C3450023B87B /* GFTitleLabel.swift in Sources */ = {isa = PBXBuildFile; fileRef = 0D653E1227E6C3450023B87B /* GFTitleLabel.swift */; };
		0D653E1527E6C5040023B87B /* GFBodyLabel.swift in Sources */ = {isa = PBXBuildFile; fileRef = 0D653E1427E6C5040023B87B /* GFBodyLabel.swift */; };
		0D653E1727E6C7090023B87B /* GFAlertVC.swift in Sources */ = {isa = PBXBuildFile; fileRef = 0D653E1627E6C7090023B87B /* GFAlertVC.swift */; };
		0D653E1927E6CE6D0023B87B /* UIViewController+Ext.swift in Sources */ = {isa = PBXBuildFile; fileRef = 0D653E1827E6CE6D0023B87B /* UIViewController+Ext.swift */; };
		0D653E2027E7F4C10023B87B /* Follower.swift in Sources */ = {isa = PBXBuildFile; fileRef = 0D653E1F27E7F4C10023B87B /* Follower.swift */; };
		0D653E2227E7F5840023B87B /* User.swift in Sources */ = {isa = PBXBuildFile; fileRef = 0D653E2127E7F5840023B87B /* User.swift */; };
		0D653E2527E7FA440023B87B /* NetworkManager.swift in Sources */ = {isa = PBXBuildFile; fileRef = 0D653E2427E7FA440023B87B /* NetworkManager.swift */; };
		0D653E2D27EA3D440023B87B /* FollowerCell.swift in Sources */ = {isa = PBXBuildFile; fileRef = 0D653E2C27EA3D440023B87B /* FollowerCell.swift */; };
		0D653E2F27EA3DF20023B87B /* GFAvatarImageView.swift in Sources */ = {isa = PBXBuildFile; fileRef = 0D653E2E27EA3DF20023B87B /* GFAvatarImageView.swift */; };
		0D653E3127EA63350023B87B /* UIHelper.swift in Sources */ = {isa = PBXBuildFile; fileRef = 0D653E3027EA63350023B87B /* UIHelper.swift */; };
		0D653E3927EA7CFD0023B87B /* GFEmptyStateView.swift in Sources */ = {isa = PBXBuildFile; fileRef = 0D653E3827EA7CFD0023B87B /* GFEmptyStateView.swift */; };
		0D653E3B27EA89B40023B87B /* UserInfoVC.swift in Sources */ = {isa = PBXBuildFile; fileRef = 0D653E3A27EA89B40023B87B /* UserInfoVC.swift */; };
		0D653E3D27EA959F0023B87B /* GFError.swift in Sources */ = {isa = PBXBuildFile; fileRef = 0D653E3C27EA959F0023B87B /* GFError.swift */; };
		0D653E3F27EA987C0023B87B /* GFUserInfoHeaderVC.swift in Sources */ = {isa = PBXBuildFile; fileRef = 0D653E3E27EA987C0023B87B /* GFUserInfoHeaderVC.swift */; };
		0D653E4127EA99250023B87B /* GFSecondaryTitleLabel.swift in Sources */ = {isa = PBXBuildFile; fileRef = 0D653E4027EA99250023B87B /* GFSecondaryTitleLabel.swift */; };
		0D653E4327EAA5750023B87B /* Constants.swift in Sources */ = {isa = PBXBuildFile; fileRef = 0D653E4227EAA5750023B87B /* Constants.swift */; };
		0D653E4527EB78F30023B87B /* GFItemInfoView.swift in Sources */ = {isa = PBXBuildFile; fileRef = 0D653E4427EB78F30023B87B /* GFItemInfoView.swift */; };
		0D653E4727EB827B0023B87B /* GFItemInfoVC.swift in Sources */ = {isa = PBXBuildFile; fileRef = 0D653E4627EB827B0023B87B /* GFItemInfoVC.swift */; };
		0D653E4927EB863E0023B87B /* GFRepoItemVC.swift in Sources */ = {isa = PBXBuildFile; fileRef = 0D653E4827EB863E0023B87B /* GFRepoItemVC.swift */; };
		0D653E4B27EB92430023B87B /* GFFollowerItemVC.swift in Sources */ = {isa = PBXBuildFile; fileRef = 0D653E4A27EB92430023B87B /* GFFollowerItemVC.swift */; };
		0D653E4E27EB9E5D0023B87B /* Date+Ext.swift in Sources */ = {isa = PBXBuildFile; fileRef = 0D653E4D27EB9E5D0023B87B /* Date+Ext.swift */; };
		0D653E5027EB9E800023B87B /* String+Ext.swift in Sources */ = {isa = PBXBuildFile; fileRef = 0D653E4F27EB9E800023B87B /* String+Ext.swift */; };
		0D653E5227EBE3100023B87B /* PersistenceManager.swift in Sources */ = {isa = PBXBuildFile; fileRef = 0D653E5127EBE3100023B87B /* PersistenceManager.swift */; };
		0D7D8CEF27F0F4920059A732 /* FavoriteCell.swift in Sources */ = {isa = PBXBuildFile; fileRef = 0D7D8CEE27F0F4920059A732 /* FavoriteCell.swift */; };
		0DE63C8627FA1FC300F2C8AE /* GFTabBarControlller.swift in Sources */ = {isa = PBXBuildFile; fileRef = 0DE63C8527FA1FC300F2C8AE /* GFTabBarControlller.swift */; };
		0DE63C8827FA4F1100F2C8AE /* GFAlertContainerView.swift in Sources */ = {isa = PBXBuildFile; fileRef = 0DE63C8727FA4F1100F2C8AE /* GFAlertContainerView.swift */; };
		0DE63CC827FBA99600F2C8AE /* GFDataLoadingVC.swift in Sources */ = {isa = PBXBuildFile; fileRef = 0DE63CC727FBA99600F2C8AE /* GFDataLoadingVC.swift */; };
		0DE63CCA27FF508B00F2C8AE /* UIView+Ext.swift in Sources */ = {isa = PBXBuildFile; fileRef = 0DE63CC927FF508A00F2C8AE /* UIView+Ext.swift */; };
		0DF4818A2734F993001409F3 /* AppDelegate.swift in Sources */ = {isa = PBXBuildFile; fileRef = 0DF481892734F993001409F3 /* AppDelegate.swift */; };
		0DF4818C2734F993001409F3 /* SceneDelegate.swift in Sources */ = {isa = PBXBuildFile; fileRef = 0DF4818B2734F993001409F3 /* SceneDelegate.swift */; };
		0DF481932734F995001409F3 /* Assets.xcassets in Resources */ = {isa = PBXBuildFile; fileRef = 0DF481922734F995001409F3 /* Assets.xcassets */; };
		0DF481962734F995001409F3 /* LaunchScreen.storyboard in Resources */ = {isa = PBXBuildFile; fileRef = 0DF481942734F995001409F3 /* LaunchScreen.storyboard */; };
		0DF481A12734F995001409F3 /* GHFollowersTests.swift in Sources */ = {isa = PBXBuildFile; fileRef = 0DF481A02734F995001409F3 /* GHFollowersTests.swift */; };
		0DF481AB2734F995001409F3 /* GHFollowersUITests.swift in Sources */ = {isa = PBXBuildFile; fileRef = 0DF481AA2734F995001409F3 /* GHFollowersUITests.swift */; };
		0DF481AD2734F995001409F3 /* GHFollowersUITestsLaunchTests.swift in Sources */ = {isa = PBXBuildFile; fileRef = 0DF481AC2734F995001409F3 /* GHFollowersUITestsLaunchTests.swift */; };
/* End PBXBuildFile section */

/* Begin PBXContainerItemProxy section */
		0DF4819D2734F995001409F3 /* PBXContainerItemProxy */ = {
			isa = PBXContainerItemProxy;
			containerPortal = 0DF4817E2734F992001409F3 /* Project object */;
			proxyType = 1;
			remoteGlobalIDString = 0DF481852734F992001409F3;
			remoteInfo = GHFollowers;
		};
		0DF481A72734F995001409F3 /* PBXContainerItemProxy */ = {
			isa = PBXContainerItemProxy;
			containerPortal = 0DF4817E2734F992001409F3 /* Project object */;
			proxyType = 1;
			remoteGlobalIDString = 0DF481852734F992001409F3;
			remoteInfo = GHFollowers;
		};
/* End PBXContainerItemProxy section */

/* Begin PBXFileReference section */
		0D2C62D72749B21100C42407 /* SearchVC.swift */ = {isa = PBXFileReference; lastKnownFileType = sourcecode.swift; path = SearchVC.swift; sourceTree = "<group>"; };
		0D2C62D92749B32D00C42407 /* FavoritesListVC.swift */ = {isa = PBXFileReference; lastKnownFileType = sourcecode.swift; path = FavoritesListVC.swift; sourceTree = "<group>"; };
		0D2C62DB2749C10300C42407 /* GFButton.swift */ = {isa = PBXFileReference; lastKnownFileType = sourcecode.swift; path = GFButton.swift; sourceTree = "<group>"; };
		0D653E0E27E6A9FD0023B87B /* GFTextField.swift */ = {isa = PBXFileReference; lastKnownFileType = sourcecode.swift; path = GFTextField.swift; sourceTree = "<group>"; };
		0D653E1027E6BB800023B87B /* FollowerListVC.swift */ = {isa = PBXFileReference; lastKnownFileType = sourcecode.swift; path = FollowerListVC.swift; sourceTree = "<group>"; };
		0D653E1227E6C3450023B87B /* GFTitleLabel.swift */ = {isa = PBXFileReference; lastKnownFileType = sourcecode.swift; path = GFTitleLabel.swift; sourceTree = "<group>"; };
		0D653E1427E6C5040023B87B /* GFBodyLabel.swift */ = {isa = PBXFileReference; lastKnownFileType = sourcecode.swift; path = GFBodyLabel.swift; sourceTree = "<group>"; };
		0D653E1627E6C7090023B87B /* GFAlertVC.swift */ = {isa = PBXFileReference; lastKnownFileType = sourcecode.swift; path = GFAlertVC.swift; sourceTree = "<group>"; };
		0D653E1827E6CE6D0023B87B /* UIViewController+Ext.swift */ = {isa = PBXFileReference; lastKnownFileType = sourcecode.swift; path = "UIViewController+Ext.swift"; sourceTree = "<group>"; };
		0D653E1F27E7F4C10023B87B /* Follower.swift */ = {isa = PBXFileReference; lastKnownFileType = sourcecode.swift; path = Follower.swift; sourceTree = "<group>"; };
		0D653E2127E7F5840023B87B /* User.swift */ = {isa = PBXFileReference; lastKnownFileType = sourcecode.swift; path = User.swift; sourceTree = "<group>"; };
		0D653E2427E7FA440023B87B /* NetworkManager.swift */ = {isa = PBXFileReference; lastKnownFileType = sourcecode.swift; path = NetworkManager.swift; sourceTree = "<group>"; };
		0D653E2C27EA3D440023B87B /* FollowerCell.swift */ = {isa = PBXFileReference; lastKnownFileType = sourcecode.swift; path = FollowerCell.swift; sourceTree = "<group>"; };
		0D653E2E27EA3DF20023B87B /* GFAvatarImageView.swift */ = {isa = PBXFileReference; lastKnownFileType = sourcecode.swift; path = GFAvatarImageView.swift; sourceTree = "<group>"; };
		0D653E3027EA63350023B87B /* UIHelper.swift */ = {isa = PBXFileReference; lastKnownFileType = sourcecode.swift; path = UIHelper.swift; sourceTree = "<group>"; };
		0D653E3827EA7CFD0023B87B /* GFEmptyStateView.swift */ = {isa = PBXFileReference; lastKnownFileType = sourcecode.swift; path = GFEmptyStateView.swift; sourceTree = "<group>"; };
		0D653E3A27EA89B40023B87B /* UserInfoVC.swift */ = {isa = PBXFileReference; lastKnownFileType = sourcecode.swift; path = UserInfoVC.swift; sourceTree = "<group>"; };
		0D653E3C27EA959F0023B87B /* GFError.swift */ = {isa = PBXFileReference; lastKnownFileType = sourcecode.swift; path = GFError.swift; sourceTree = "<group>"; };
		0D653E3E27EA987C0023B87B /* GFUserInfoHeaderVC.swift */ = {isa = PBXFileReference; lastKnownFileType = sourcecode.swift; path = GFUserInfoHeaderVC.swift; sourceTree = "<group>"; };
		0D653E4027EA99250023B87B /* GFSecondaryTitleLabel.swift */ = {isa = PBXFileReference; lastKnownFileType = sourcecode.swift; path = GFSecondaryTitleLabel.swift; sourceTree = "<group>"; };
		0D653E4227EAA5750023B87B /* Constants.swift */ = {isa = PBXFileReference; lastKnownFileType = sourcecode.swift; path = Constants.swift; sourceTree = "<group>"; };
		0D653E4427EB78F30023B87B /* GFItemInfoView.swift */ = {isa = PBXFileReference; lastKnownFileType = sourcecode.swift; path = GFItemInfoView.swift; sourceTree = "<group>"; };
		0D653E4627EB827B0023B87B /* GFItemInfoVC.swift */ = {isa = PBXFileReference; lastKnownFileType = sourcecode.swift; path = GFItemInfoVC.swift; sourceTree = "<group>"; };
		0D653E4827EB863E0023B87B /* GFRepoItemVC.swift */ = {isa = PBXFileReference; lastKnownFileType = sourcecode.swift; path = GFRepoItemVC.swift; sourceTree = "<group>"; };
		0D653E4A27EB92430023B87B /* GFFollowerItemVC.swift */ = {isa = PBXFileReference; lastKnownFileType = sourcecode.swift; path = GFFollowerItemVC.swift; sourceTree = "<group>"; };
		0D653E4D27EB9E5D0023B87B /* Date+Ext.swift */ = {isa = PBXFileReference; lastKnownFileType = sourcecode.swift; path = "Date+Ext.swift"; sourceTree = "<group>"; };
		0D653E4F27EB9E800023B87B /* String+Ext.swift */ = {isa = PBXFileReference; lastKnownFileType = sourcecode.swift; path = "String+Ext.swift"; sourceTree = "<group>"; };
		0D653E5127EBE3100023B87B /* PersistenceManager.swift */ = {isa = PBXFileReference; lastKnownFileType = sourcecode.swift; path = PersistenceManager.swift; sourceTree = "<group>"; };
		0D7D8CEE27F0F4920059A732 /* FavoriteCell.swift */ = {isa = PBXFileReference; lastKnownFileType = sourcecode.swift; path = FavoriteCell.swift; sourceTree = "<group>"; };
		0DE63C8527FA1FC300F2C8AE /* GFTabBarControlller.swift */ = {isa = PBXFileReference; lastKnownFileType = sourcecode.swift; path = GFTabBarControlller.swift; sourceTree = "<group>"; };
		0DE63C8727FA4F1100F2C8AE /* GFAlertContainerView.swift */ = {isa = PBXFileReference; lastKnownFileType = sourcecode.swift; path = GFAlertContainerView.swift; sourceTree = "<group>"; };
		0DE63CC727FBA99600F2C8AE /* GFDataLoadingVC.swift */ = {isa = PBXFileReference; lastKnownFileType = sourcecode.swift; path = GFDataLoadingVC.swift; sourceTree = "<group>"; };
		0DE63CC927FF508A00F2C8AE /* UIView+Ext.swift */ = {isa = PBXFileReference; lastKnownFileType = sourcecode.swift; path = "UIView+Ext.swift"; sourceTree = "<group>"; };
		0DF481862734F992001409F3 /* GHFollowers.app */ = {isa = PBXFileReference; explicitFileType = wrapper.application; includeInIndex = 0; path = GHFollowers.app; sourceTree = BUILT_PRODUCTS_DIR; };
		0DF481892734F993001409F3 /* AppDelegate.swift */ = {isa = PBXFileReference; lastKnownFileType = sourcecode.swift; path = AppDelegate.swift; sourceTree = "<group>"; };
		0DF4818B2734F993001409F3 /* SceneDelegate.swift */ = {isa = PBXFileReference; lastKnownFileType = sourcecode.swift; path = SceneDelegate.swift; sourceTree = "<group>"; };
		0DF481922734F995001409F3 /* Assets.xcassets */ = {isa = PBXFileReference; lastKnownFileType = folder.assetcatalog; path = Assets.xcassets; sourceTree = "<group>"; };
		0DF481952734F995001409F3 /* Base */ = {isa = PBXFileReference; lastKnownFileType = file.storyboard; name = Base; path = Base.lproj/LaunchScreen.storyboard; sourceTree = "<group>"; };
		0DF481972734F995001409F3 /* Info.plist */ = {isa = PBXFileReference; lastKnownFileType = text.plist.xml; path = Info.plist; sourceTree = "<group>"; };
		0DF4819C2734F995001409F3 /* GHFollowersTests.xctest */ = {isa = PBXFileReference; explicitFileType = wrapper.cfbundle; includeInIndex = 0; path = GHFollowersTests.xctest; sourceTree = BUILT_PRODUCTS_DIR; };
		0DF481A02734F995001409F3 /* GHFollowersTests.swift */ = {isa = PBXFileReference; lastKnownFileType = sourcecode.swift; path = GHFollowersTests.swift; sourceTree = "<group>"; };
		0DF481A62734F995001409F3 /* GHFollowersUITests.xctest */ = {isa = PBXFileReference; explicitFileType = wrapper.cfbundle; includeInIndex = 0; path = GHFollowersUITests.xctest; sourceTree = BUILT_PRODUCTS_DIR; };
		0DF481AA2734F995001409F3 /* GHFollowersUITests.swift */ = {isa = PBXFileReference; lastKnownFileType = sourcecode.swift; path = GHFollowersUITests.swift; sourceTree = "<group>"; };
		0DF481AC2734F995001409F3 /* GHFollowersUITestsLaunchTests.swift */ = {isa = PBXFileReference; lastKnownFileType = sourcecode.swift; path = GHFollowersUITestsLaunchTests.swift; sourceTree = "<group>"; };
/* End PBXFileReference section */

/* Begin PBXFrameworksBuildPhase section */
		0DF481832734F992001409F3 /* Frameworks */ = {
			isa = PBXFrameworksBuildPhase;
			buildActionMask = 2147483647;
			files = (
			);
			runOnlyForDeploymentPostprocessing = 0;
		};
		0DF481992734F995001409F3 /* Frameworks */ = {
			isa = PBXFrameworksBuildPhase;
			buildActionMask = 2147483647;
			files = (
			);
			runOnlyForDeploymentPostprocessing = 0;
		};
		0DF481A32734F995001409F3 /* Frameworks */ = {
			isa = PBXFrameworksBuildPhase;
			buildActionMask = 2147483647;
			files = (
			);
			runOnlyForDeploymentPostprocessing = 0;
		};
/* End PBXFrameworksBuildPhase section */

/* Begin PBXGroup section */
		0D653E1A27E7A4B40023B87B /* Screens */ = {
			isa = PBXGroup;
			children = (
				0D2C62D92749B32D00C42407 /* FavoritesListVC.swift */,
				0D653E1027E6BB800023B87B /* FollowerListVC.swift */,
				0D2C62D72749B21100C42407 /* SearchVC.swift */,
				0D653E3A27EA89B40023B87B /* UserInfoVC.swift */,
			);
			path = Screens;
			sourceTree = "<group>";
		};
		0D653E1B27E7AD1D0023B87B /* Custom Views */ = {
			isa = PBXGroup;
			children = (
				0DE63C8427FA1F9400F2C8AE /* TabBarControllers */,
				0D653E3727EA7CDA0023B87B /* Views */,
				0D653E3627EA7CB60023B87B /* Labels */,
				0D653E3527EA7C9D0023B87B /* ViewControllers */,
				0D653E3427EA7C910023B87B /* ImageViews */,
				0D653E3327EA7C8A0023B87B /* TextFields */,
				0D653E3227EA7C800023B87B /* Buttons */,
				0D653E2927EA3CCB0023B87B /* Cells */,
			);
			path = "Custom Views";
			sourceTree = "<group>";
		};
		0D653E1C27E7AEA10023B87B /* Extensions */ = {
			isa = PBXGroup;
			children = (
				0D653E1827E6CE6D0023B87B /* UIViewController+Ext.swift */,
				0D653E4D27EB9E5D0023B87B /* Date+Ext.swift */,
				0D653E4F27EB9E800023B87B /* String+Ext.swift */,
				0DE63CC927FF508A00F2C8AE /* UIView+Ext.swift */,
			);
			path = Extensions;
			sourceTree = "<group>";
		};
		0D653E1D27E7AF600023B87B /* Support */ = {
			isa = PBXGroup;
			children = (
				0DF481892734F993001409F3 /* AppDelegate.swift */,
				0DF4818B2734F993001409F3 /* SceneDelegate.swift */,
				0DF481922734F995001409F3 /* Assets.xcassets */,
				0DF481942734F995001409F3 /* LaunchScreen.storyboard */,
			);
			path = Support;
			sourceTree = "<group>";
		};
		0D653E1E27E7F4B40023B87B /* Model */ = {
			isa = PBXGroup;
			children = (
				0D653E1F27E7F4C10023B87B /* Follower.swift */,
				0D653E2127E7F5840023B87B /* User.swift */,
			);
			path = Model;
			sourceTree = "<group>";
		};
		0D653E2327E7FA300023B87B /* Managers */ = {
			isa = PBXGroup;
			children = (
				0D653E2427E7FA440023B87B /* NetworkManager.swift */,
				0D653E5127EBE3100023B87B /* PersistenceManager.swift */,
			);
			path = Managers;
			sourceTree = "<group>";
		};
		0D653E2627E804E00023B87B /* Utilities */ = {
			isa = PBXGroup;
			children = (
				0D653E3027EA63350023B87B /* UIHelper.swift */,
				0D653E3C27EA959F0023B87B /* GFError.swift */,
				0D653E4227EAA5750023B87B /* Constants.swift */,
			);
			path = Utilities;
			sourceTree = "<group>";
		};
		0D653E2927EA3CCB0023B87B /* Cells */ = {
			isa = PBXGroup;
			children = (
				0D653E2C27EA3D440023B87B /* FollowerCell.swift */,
				0D7D8CEE27F0F4920059A732 /* FavoriteCell.swift */,
			);
			path = Cells;
			sourceTree = "<group>";
		};
		0D653E3227EA7C800023B87B /* Buttons */ = {
			isa = PBXGroup;
			children = (
				0D2C62DB2749C10300C42407 /* GFButton.swift */,
			);
			path = Buttons;
			sourceTree = "<group>";
		};
		0D653E3327EA7C8A0023B87B /* TextFields */ = {
			isa = PBXGroup;
			children = (
				0D653E0E27E6A9FD0023B87B /* GFTextField.swift */,
			);
			path = TextFields;
			sourceTree = "<group>";
		};
		0D653E3427EA7C910023B87B /* ImageViews */ = {
			isa = PBXGroup;
			children = (
				0D653E2E27EA3DF20023B87B /* GFAvatarImageView.swift */,
			);
			path = ImageViews;
			sourceTree = "<group>";
		};
		0D653E3527EA7C9D0023B87B /* ViewControllers */ = {
			isa = PBXGroup;
			children = (
				0D653E4C27EB92940023B87B /* ItemInfoVCs */,
				0D653E1627E6C7090023B87B /* GFAlertVC.swift */,
				0D653E3E27EA987C0023B87B /* GFUserInfoHeaderVC.swift */,
				0DE63CC727FBA99600F2C8AE /* GFDataLoadingVC.swift */,
			);
			path = ViewControllers;
			sourceTree = "<group>";
		};
		0D653E3627EA7CB60023B87B /* Labels */ = {
			isa = PBXGroup;
			children = (
				0D653E1227E6C3450023B87B /* GFTitleLabel.swift */,
				0D653E1427E6C5040023B87B /* GFBodyLabel.swift */,
				0D653E4027EA99250023B87B /* GFSecondaryTitleLabel.swift */,
			);
			path = Labels;
			sourceTree = "<group>";
		};
		0D653E3727EA7CDA0023B87B /* Views */ = {
			isa = PBXGroup;
			children = (
				0D653E3827EA7CFD0023B87B /* GFEmptyStateView.swift */,
				0D653E4427EB78F30023B87B /* GFItemInfoView.swift */,
				0DE63C8727FA4F1100F2C8AE /* GFAlertContainerView.swift */,
			);
			path = Views;
			sourceTree = "<group>";
		};
		0D653E4C27EB92940023B87B /* ItemInfoVCs */ = {
			isa = PBXGroup;
			children = (
				0D653E4A27EB92430023B87B /* GFFollowerItemVC.swift */,
				0D653E4827EB863E0023B87B /* GFRepoItemVC.swift */,
				0D653E4627EB827B0023B87B /* GFItemInfoVC.swift */,
			);
			path = ItemInfoVCs;
			sourceTree = "<group>";
		};
		0DE63C8427FA1F9400F2C8AE /* TabBarControllers */ = {
			isa = PBXGroup;
			children = (
				0DE63C8527FA1FC300F2C8AE /* GFTabBarControlller.swift */,
			);
			path = TabBarControllers;
			sourceTree = "<group>";
		};
		0DF4817D2734F992001409F3 = {
			isa = PBXGroup;
			children = (
				0DF481882734F993001409F3 /* GHFollowers */,
				0DF4819F2734F995001409F3 /* GHFollowersTests */,
				0DF481A92734F995001409F3 /* GHFollowersUITests */,
				0DF481872734F992001409F3 /* Products */,
			);
			sourceTree = "<group>";
		};
		0DF481872734F992001409F3 /* Products */ = {
			isa = PBXGroup;
			children = (
				0DF481862734F992001409F3 /* GHFollowers.app */,
				0DF4819C2734F995001409F3 /* GHFollowersTests.xctest */,
				0DF481A62734F995001409F3 /* GHFollowersUITests.xctest */,
			);
			name = Products;
			sourceTree = "<group>";
		};
		0DF481882734F993001409F3 /* GHFollowers */ = {
			isa = PBXGroup;
			children = (
				0D653E2627E804E00023B87B /* Utilities */,
				0D653E2327E7FA300023B87B /* Managers */,
				0D653E1E27E7F4B40023B87B /* Model */,
				0D653E1C27E7AEA10023B87B /* Extensions */,
				0D653E1B27E7AD1D0023B87B /* Custom Views */,
				0D653E1A27E7A4B40023B87B /* Screens */,
				0D653E1D27E7AF600023B87B /* Support */,
				0DF481972734F995001409F3 /* Info.plist */,
			);
			path = GHFollowers;
			sourceTree = "<group>";
		};
		0DF4819F2734F995001409F3 /* GHFollowersTests */ = {
			isa = PBXGroup;
			children = (
				0DF481A02734F995001409F3 /* GHFollowersTests.swift */,
			);
			path = GHFollowersTests;
			sourceTree = "<group>";
		};
		0DF481A92734F995001409F3 /* GHFollowersUITests */ = {
			isa = PBXGroup;
			children = (
				0DF481AA2734F995001409F3 /* GHFollowersUITests.swift */,
				0DF481AC2734F995001409F3 /* GHFollowersUITestsLaunchTests.swift */,
			);
			path = GHFollowersUITests;
			sourceTree = "<group>";
		};
/* End PBXGroup section */

/* Begin PBXNativeTarget section */
		0DF481852734F992001409F3 /* GHFollowers */ = {
			isa = PBXNativeTarget;
			buildConfigurationList = 0DF481B02734F995001409F3 /* Build configuration list for PBXNativeTarget "GHFollowers" */;
			buildPhases = (
				0DF481822734F992001409F3 /* Sources */,
				0DF481832734F992001409F3 /* Frameworks */,
				0DF481842734F992001409F3 /* Resources */,
			);
			buildRules = (
			);
			dependencies = (
			);
			name = GHFollowers;
			productName = GHFollowers;
			productReference = 0DF481862734F992001409F3 /* GHFollowers.app */;
			productType = "com.apple.product-type.application";
		};
		0DF4819B2734F995001409F3 /* GHFollowersTests */ = {
			isa = PBXNativeTarget;
			buildConfigurationList = 0DF481B32734F995001409F3 /* Build configuration list for PBXNativeTarget "GHFollowersTests" */;
			buildPhases = (
				0DF481982734F995001409F3 /* Sources */,
				0DF481992734F995001409F3 /* Frameworks */,
				0DF4819A2734F995001409F3 /* Resources */,
			);
			buildRules = (
			);
			dependencies = (
				0DF4819E2734F995001409F3 /* PBXTargetDependency */,
			);
			name = GHFollowersTests;
			productName = GHFollowersTests;
			productReference = 0DF4819C2734F995001409F3 /* GHFollowersTests.xctest */;
			productType = "com.apple.product-type.bundle.unit-test";
		};
		0DF481A52734F995001409F3 /* GHFollowersUITests */ = {
			isa = PBXNativeTarget;
			buildConfigurationList = 0DF481B62734F995001409F3 /* Build configuration list for PBXNativeTarget "GHFollowersUITests" */;
			buildPhases = (
				0DF481A22734F995001409F3 /* Sources */,
				0DF481A32734F995001409F3 /* Frameworks */,
				0DF481A42734F995001409F3 /* Resources */,
			);
			buildRules = (
			);
			dependencies = (
				0DF481A82734F995001409F3 /* PBXTargetDependency */,
			);
			name = GHFollowersUITests;
			productName = GHFollowersUITests;
			productReference = 0DF481A62734F995001409F3 /* GHFollowersUITests.xctest */;
			productType = "com.apple.product-type.bundle.ui-testing";
		};
/* End PBXNativeTarget section */

/* Begin PBXProject section */
		0DF4817E2734F992001409F3 /* Project object */ = {
			isa = PBXProject;
			attributes = {
				BuildIndependentTargetsInParallel = 1;
				LastSwiftUpdateCheck = 1310;
				LastUpgradeCheck = 1310;
				TargetAttributes = {
					0DF481852734F992001409F3 = {
						CreatedOnToolsVersion = 13.1;
					};
					0DF4819B2734F995001409F3 = {
						CreatedOnToolsVersion = 13.1;
						TestTargetID = 0DF481852734F992001409F3;
					};
					0DF481A52734F995001409F3 = {
						CreatedOnToolsVersion = 13.1;
						TestTargetID = 0DF481852734F992001409F3;
					};
				};
			};
			buildConfigurationList = 0DF481812734F992001409F3 /* Build configuration list for PBXProject "GHFollowers" */;
			compatibilityVersion = "Xcode 13.0";
			developmentRegion = en;
			hasScannedForEncodings = 0;
			knownRegions = (
				en,
				Base,
			);
			mainGroup = 0DF4817D2734F992001409F3;
			productRefGroup = 0DF481872734F992001409F3 /* Products */;
			projectDirPath = "";
			projectRoot = "";
			targets = (
				0DF481852734F992001409F3 /* GHFollowers */,
				0DF4819B2734F995001409F3 /* GHFollowersTests */,
				0DF481A52734F995001409F3 /* GHFollowersUITests */,
			);
		};
/* End PBXProject section */

/* Begin PBXResourcesBuildPhase section */
		0DF481842734F992001409F3 /* Resources */ = {
			isa = PBXResourcesBuildPhase;
			buildActionMask = 2147483647;
			files = (
				0DF481962734F995001409F3 /* LaunchScreen.storyboard in Resources */,
				0DF481932734F995001409F3 /* Assets.xcassets in Resources */,
			);
			runOnlyForDeploymentPostprocessing = 0;
		};
		0DF4819A2734F995001409F3 /* Resources */ = {
			isa = PBXResourcesBuildPhase;
			buildActionMask = 2147483647;
			files = (
			);
			runOnlyForDeploymentPostprocessing = 0;
		};
		0DF481A42734F995001409F3 /* Resources */ = {
			isa = PBXResourcesBuildPhase;
			buildActionMask = 2147483647;
			files = (
			);
			runOnlyForDeploymentPostprocessing = 0;
		};
/* End PBXResourcesBuildPhase section */

/* Begin PBXSourcesBuildPhase section */
		0DF481822734F992001409F3 /* Sources */ = {
			isa = PBXSourcesBuildPhase;
			buildActionMask = 2147483647;
			files = (
				0D653E2227E7F5840023B87B /* User.swift in Sources */,
				0D653E0F27E6A9FD0023B87B /* GFTextField.swift in Sources */,
				0D2C62DA2749B32D00C42407 /* FavoritesListVC.swift in Sources */,
				0D653E5027EB9E800023B87B /* String+Ext.swift in Sources */,
				0D2C62DC2749C10300C42407 /* GFButton.swift in Sources */,
				0D653E1927E6CE6D0023B87B /* UIViewController+Ext.swift in Sources */,
				0DE63CC827FBA99600F2C8AE /* GFDataLoadingVC.swift in Sources */,
				0D653E3127EA63350023B87B /* UIHelper.swift in Sources */,
				0D653E4727EB827B0023B87B /* GFItemInfoVC.swift in Sources */,
				0D653E4327EAA5750023B87B /* Constants.swift in Sources */,
				0D653E2F27EA3DF20023B87B /* GFAvatarImageView.swift in Sources */,
				0D2C62D82749B21100C42407 /* SearchVC.swift in Sources */,
				0D653E1727E6C7090023B87B /* GFAlertVC.swift in Sources */,
				0D653E4527EB78F30023B87B /* GFItemInfoView.swift in Sources */,
				0D653E4B27EB92430023B87B /* GFFollowerItemVC.swift in Sources */,
				0D7D8CEF27F0F4920059A732 /* FavoriteCell.swift in Sources */,
				0D653E2D27EA3D440023B87B /* FollowerCell.swift in Sources */,
				0D653E1527E6C5040023B87B /* GFBodyLabel.swift in Sources */,
				0D653E3F27EA987C0023B87B /* GFUserInfoHeaderVC.swift in Sources */,
				0D653E3D27EA959F0023B87B /* GFError.swift in Sources */,
				0D653E2027E7F4C10023B87B /* Follower.swift in Sources */,
				0D653E1327E6C3450023B87B /* GFTitleLabel.swift in Sources */,
				0DE63C8827FA4F1100F2C8AE /* GFAlertContainerView.swift in Sources */,
				0D653E4E27EB9E5D0023B87B /* Date+Ext.swift in Sources */,
				0D653E5227EBE3100023B87B /* PersistenceManager.swift in Sources */,
				0D653E4127EA99250023B87B /* GFSecondaryTitleLabel.swift in Sources */,
				0D653E3927EA7CFD0023B87B /* GFEmptyStateView.swift in Sources */,
				0D653E2527E7FA440023B87B /* NetworkManager.swift in Sources */,
				0D653E1127E6BB800023B87B /* FollowerListVC.swift in Sources */,
				0DF4818A2734F993001409F3 /* AppDelegate.swift in Sources */,
				0DF4818C2734F993001409F3 /* SceneDelegate.swift in Sources */,
				0DE63C8627FA1FC300F2C8AE /* GFTabBarControlller.swift in Sources */,
				0DE63CCA27FF508B00F2C8AE /* UIView+Ext.swift in Sources */,
				0D653E4927EB863E0023B87B /* GFRepoItemVC.swift in Sources */,
				0D653E3B27EA89B40023B87B /* UserInfoVC.swift in Sources */,
			);
			runOnlyForDeploymentPostprocessing = 0;
		};
		0DF481982734F995001409F3 /* Sources */ = {
			isa = PBXSourcesBuildPhase;
			buildActionMask = 2147483647;
			files = (
				0DF481A12734F995001409F3 /* GHFollowersTests.swift in Sources */,
			);
			runOnlyForDeploymentPostprocessing = 0;
		};
		0DF481A22734F995001409F3 /* Sources */ = {
			isa = PBXSourcesBuildPhase;
			buildActionMask = 2147483647;
			files = (
				0DF481AB2734F995001409F3 /* GHFollowersUITests.swift in Sources */,
				0DF481AD2734F995001409F3 /* GHFollowersUITestsLaunchTests.swift in Sources */,
			);
			runOnlyForDeploymentPostprocessing = 0;
		};
/* End PBXSourcesBuildPhase section */

/* Begin PBXTargetDependency section */
		0DF4819E2734F995001409F3 /* PBXTargetDependency */ = {
			isa = PBXTargetDependency;
			target = 0DF481852734F992001409F3 /* GHFollowers */;
			targetProxy = 0DF4819D2734F995001409F3 /* PBXContainerItemProxy */;
		};
		0DF481A82734F995001409F3 /* PBXTargetDependency */ = {
			isa = PBXTargetDependency;
			target = 0DF481852734F992001409F3 /* GHFollowers */;
			targetProxy = 0DF481A72734F995001409F3 /* PBXContainerItemProxy */;
		};
/* End PBXTargetDependency section */

/* Begin PBXVariantGroup section */
		0DF481942734F995001409F3 /* LaunchScreen.storyboard */ = {
			isa = PBXVariantGroup;
			children = (
				0DF481952734F995001409F3 /* Base */,
			);
			name = LaunchScreen.storyboard;
			sourceTree = "<group>";
		};
/* End PBXVariantGroup section */

/* Begin XCBuildConfiguration section */
		0DF481AE2734F995001409F3 /* Debug */ = {
			isa = XCBuildConfiguration;
			buildSettings = {
				ALWAYS_SEARCH_USER_PATHS = NO;
				CLANG_ANALYZER_NONNULL = YES;
				CLANG_ANALYZER_NUMBER_OBJECT_CONVERSION = YES_AGGRESSIVE;
				CLANG_CXX_LANGUAGE_STANDARD = "gnu++17";
				CLANG_CXX_LIBRARY = "libc++";
				CLANG_ENABLE_MODULES = YES;
				CLANG_ENABLE_OBJC_ARC = YES;
				CLANG_ENABLE_OBJC_WEAK = YES;
				CLANG_WARN_BLOCK_CAPTURE_AUTORELEASING = YES;
				CLANG_WARN_BOOL_CONVERSION = YES;
				CLANG_WARN_COMMA = YES;
				CLANG_WARN_CONSTANT_CONVERSION = YES;
				CLANG_WARN_DEPRECATED_OBJC_IMPLEMENTATIONS = YES;
				CLANG_WARN_DIRECT_OBJC_ISA_USAGE = YES_ERROR;
				CLANG_WARN_DOCUMENTATION_COMMENTS = YES;
				CLANG_WARN_EMPTY_BODY = YES;
				CLANG_WARN_ENUM_CONVERSION = YES;
				CLANG_WARN_INFINITE_RECURSION = YES;
				CLANG_WARN_INT_CONVERSION = YES;
				CLANG_WARN_NON_LITERAL_NULL_CONVERSION = YES;
				CLANG_WARN_OBJC_IMPLICIT_RETAIN_SELF = YES;
				CLANG_WARN_OBJC_LITERAL_CONVERSION = YES;
				CLANG_WARN_OBJC_ROOT_CLASS = YES_ERROR;
				CLANG_WARN_QUOTED_INCLUDE_IN_FRAMEWORK_HEADER = YES;
				CLANG_WARN_RANGE_LOOP_ANALYSIS = YES;
				CLANG_WARN_STRICT_PROTOTYPES = YES;
				CLANG_WARN_SUSPICIOUS_MOVE = YES;
				CLANG_WARN_UNGUARDED_AVAILABILITY = YES_AGGRESSIVE;
				CLANG_WARN_UNREACHABLE_CODE = YES;
				CLANG_WARN__DUPLICATE_METHOD_MATCH = YES;
				COPY_PHASE_STRIP = NO;
				DEBUG_INFORMATION_FORMAT = dwarf;
				ENABLE_STRICT_OBJC_MSGSEND = YES;
				ENABLE_TESTABILITY = YES;
				GCC_C_LANGUAGE_STANDARD = gnu11;
				GCC_DYNAMIC_NO_PIC = NO;
				GCC_NO_COMMON_BLOCKS = YES;
				GCC_OPTIMIZATION_LEVEL = 0;
				GCC_PREPROCESSOR_DEFINITIONS = (
					"DEBUG=1",
					"$(inherited)",
				);
				GCC_WARN_64_TO_32_BIT_CONVERSION = YES;
				GCC_WARN_ABOUT_RETURN_TYPE = YES_ERROR;
				GCC_WARN_UNDECLARED_SELECTOR = YES;
				GCC_WARN_UNINITIALIZED_AUTOS = YES_AGGRESSIVE;
				GCC_WARN_UNUSED_FUNCTION = YES;
				GCC_WARN_UNUSED_VARIABLE = YES;
				IPHONEOS_DEPLOYMENT_TARGET = 15.0;
				MTL_ENABLE_DEBUG_INFO = INCLUDE_SOURCE;
				MTL_FAST_MATH = YES;
				ONLY_ACTIVE_ARCH = YES;
				SDKROOT = iphoneos;
				SWIFT_ACTIVE_COMPILATION_CONDITIONS = DEBUG;
				SWIFT_OPTIMIZATION_LEVEL = "-Onone";
			};
			name = Debug;
		};
		0DF481AF2734F995001409F3 /* Release */ = {
			isa = XCBuildConfiguration;
			buildSettings = {
				ALWAYS_SEARCH_USER_PATHS = NO;
				CLANG_ANALYZER_NONNULL = YES;
				CLANG_ANALYZER_NUMBER_OBJECT_CONVERSION = YES_AGGRESSIVE;
				CLANG_CXX_LANGUAGE_STANDARD = "gnu++17";
				CLANG_CXX_LIBRARY = "libc++";
				CLANG_ENABLE_MODULES = YES;
				CLANG_ENABLE_OBJC_ARC = YES;
				CLANG_ENABLE_OBJC_WEAK = YES;
				CLANG_WARN_BLOCK_CAPTURE_AUTORELEASING = YES;
				CLANG_WARN_BOOL_CONVERSION = YES;
				CLANG_WARN_COMMA = YES;
				CLANG_WARN_CONSTANT_CONVERSION = YES;
				CLANG_WARN_DEPRECATED_OBJC_IMPLEMENTATIONS = YES;
				CLANG_WARN_DIRECT_OBJC_ISA_USAGE = YES_ERROR;
				CLANG_WARN_DOCUMENTATION_COMMENTS = YES;
				CLANG_WARN_EMPTY_BODY = YES;
				CLANG_WARN_ENUM_CONVERSION = YES;
				CLANG_WARN_INFINITE_RECURSION = YES;
				CLANG_WARN_INT_CONVERSION = YES;
				CLANG_WARN_NON_LITERAL_NULL_CONVERSION = YES;
				CLANG_WARN_OBJC_IMPLICIT_RETAIN_SELF = YES;
				CLANG_WARN_OBJC_LITERAL_CONVERSION = YES;
				CLANG_WARN_OBJC_ROOT_CLASS = YES_ERROR;
				CLANG_WARN_QUOTED_INCLUDE_IN_FRAMEWORK_HEADER = YES;
				CLANG_WARN_RANGE_LOOP_ANALYSIS = YES;
				CLANG_WARN_STRICT_PROTOTYPES = YES;
				CLANG_WARN_SUSPICIOUS_MOVE = YES;
				CLANG_WARN_UNGUARDED_AVAILABILITY = YES_AGGRESSIVE;
				CLANG_WARN_UNREACHABLE_CODE = YES;
				CLANG_WARN__DUPLICATE_METHOD_MATCH = YES;
				COPY_PHASE_STRIP = NO;
				DEBUG_INFORMATION_FORMAT = "dwarf-with-dsym";
				ENABLE_NS_ASSERTIONS = NO;
				ENABLE_STRICT_OBJC_MSGSEND = YES;
				GCC_C_LANGUAGE_STANDARD = gnu11;
				GCC_NO_COMMON_BLOCKS = YES;
				GCC_WARN_64_TO_32_BIT_CONVERSION = YES;
				GCC_WARN_ABOUT_RETURN_TYPE = YES_ERROR;
				GCC_WARN_UNDECLARED_SELECTOR = YES;
				GCC_WARN_UNINITIALIZED_AUTOS = YES_AGGRESSIVE;
				GCC_WARN_UNUSED_FUNCTION = YES;
				GCC_WARN_UNUSED_VARIABLE = YES;
				IPHONEOS_DEPLOYMENT_TARGET = 15.0;
				MTL_ENABLE_DEBUG_INFO = NO;
				MTL_FAST_MATH = YES;
				SDKROOT = iphoneos;
				SWIFT_COMPILATION_MODE = wholemodule;
				SWIFT_OPTIMIZATION_LEVEL = "-O";
				VALIDATE_PRODUCT = YES;
			};
			name = Release;
		};
		0DF481B12734F995001409F3 /* Debug */ = {
			isa = XCBuildConfiguration;
			buildSettings = {
				ASSETCATALOG_COMPILER_APPICON_NAME = AppIcon;
				ASSETCATALOG_COMPILER_GLOBAL_ACCENT_COLOR_NAME = AccentColor;
				CODE_SIGN_STYLE = Automatic;
				CURRENT_PROJECT_VERSION = 1;
				DEVELOPMENT_TEAM = 5L2PGYP5GB;
				GENERATE_INFOPLIST_FILE = YES;
				INFOPLIST_FILE = GHFollowers/Info.plist;
				INFOPLIST_KEY_UIApplicationSupportsIndirectInputEvents = YES;
				INFOPLIST_KEY_UILaunchStoryboardName = LaunchScreen;
				INFOPLIST_KEY_UISupportedInterfaceOrientations = UIInterfaceOrientationPortrait;
				INFOPLIST_KEY_UISupportedInterfaceOrientations_iPad = "UIInterfaceOrientationPortrait UIInterfaceOrientationPortraitUpsideDown UIInterfaceOrientationLandscapeLeft UIInterfaceOrientationLandscapeRight";
				INFOPLIST_KEY_UISupportedInterfaceOrientations_iPhone = "UIInterfaceOrientationPortrait UIInterfaceOrientationLandscapeLeft UIInterfaceOrientationLandscapeRight";
				LD_RUNPATH_SEARCH_PATHS = (
					"$(inherited)",
					"@executable_path/Frameworks",
				);
				MARKETING_VERSION = 1.0;
				PRODUCT_BUNDLE_IDENTIFIER = com.james.GHFollowers;
				PRODUCT_NAME = "$(TARGET_NAME)";
				SWIFT_EMIT_LOC_STRINGS = YES;
				SWIFT_VERSION = 5.0;
				TARGETED_DEVICE_FAMILY = 1;
			};
			name = Debug;
		};
		0DF481B22734F995001409F3 /* Release */ = {
			isa = XCBuildConfiguration;
			buildSettings = {
				ASSETCATALOG_COMPILER_APPICON_NAME = AppIcon;
				ASSETCATALOG_COMPILER_GLOBAL_ACCENT_COLOR_NAME = AccentColor;
				CODE_SIGN_STYLE = Automatic;
				CURRENT_PROJECT_VERSION = 1;
				DEVELOPMENT_TEAM = 5L2PGYP5GB;
				GENERATE_INFOPLIST_FILE = YES;
				INFOPLIST_FILE = GHFollowers/Info.plist;
				INFOPLIST_KEY_UIApplicationSupportsIndirectInputEvents = YES;
				INFOPLIST_KEY_UILaunchStoryboardName = LaunchScreen;
				INFOPLIST_KEY_UISupportedInterfaceOrientations = UIInterfaceOrientationPortrait;
				INFOPLIST_KEY_UISupportedInterfaceOrientations_iPad = "UIInterfaceOrientationPortrait UIInterfaceOrientationPortraitUpsideDown UIInterfaceOrientationLandscapeLeft UIInterfaceOrientationLandscapeRight";
				INFOPLIST_KEY_UISupportedInterfaceOrientations_iPhone = "UIInterfaceOrientationPortrait UIInterfaceOrientationLandscapeLeft UIInterfaceOrientationLandscapeRight";
				LD_RUNPATH_SEARCH_PATHS = (
					"$(inherited)",
					"@executable_path/Frameworks",
				);
				MARKETING_VERSION = 1.0;
				PRODUCT_BUNDLE_IDENTIFIER = com.james.GHFollowers;
				PRODUCT_NAME = "$(TARGET_NAME)";
				SWIFT_EMIT_LOC_STRINGS = YES;
				SWIFT_VERSION = 5.0;
				TARGETED_DEVICE_FAMILY = 1;
			};
			name = Release;
		};
		0DF481B42734F995001409F3 /* Debug */ = {
			isa = XCBuildConfiguration;
			buildSettings = {
				ALWAYS_EMBED_SWIFT_STANDARD_LIBRARIES = YES;
				BUNDLE_LOADER = "$(TEST_HOST)";
				CODE_SIGN_STYLE = Automatic;
				CURRENT_PROJECT_VERSION = 1;
				DEVELOPMENT_TEAM = 5L2PGYP5GB;
				GENERATE_INFOPLIST_FILE = YES;
				IPHONEOS_DEPLOYMENT_TARGET = 15.0;
				LD_RUNPATH_SEARCH_PATHS = (
					"$(inherited)",
					"@executable_path/Frameworks",
					"@loader_path/Frameworks",
				);
				MARKETING_VERSION = 1.0;
				PRODUCT_BUNDLE_IDENTIFIER = com.james.GHFollowersTests;
				PRODUCT_NAME = "$(TARGET_NAME)";
				SWIFT_EMIT_LOC_STRINGS = NO;
				SWIFT_VERSION = 5.0;
				TARGETED_DEVICE_FAMILY = "1,2";
				TEST_HOST = "$(BUILT_PRODUCTS_DIR)/GHFollowers.app/GHFollowers";
			};
			name = Debug;
		};
		0DF481B52734F995001409F3 /* Release */ = {
			isa = XCBuildConfiguration;
			buildSettings = {
				ALWAYS_EMBED_SWIFT_STANDARD_LIBRARIES = YES;
				BUNDLE_LOADER = "$(TEST_HOST)";
				CODE_SIGN_STYLE = Automatic;
				CURRENT_PROJECT_VERSION = 1;
				DEVELOPMENT_TEAM = 5L2PGYP5GB;
				GENERATE_INFOPLIST_FILE = YES;
				IPHONEOS_DEPLOYMENT_TARGET = 15.0;
				LD_RUNPATH_SEARCH_PATHS = (
					"$(inherited)",
					"@executable_path/Frameworks",
					"@loader_path/Frameworks",
				);
				MARKETING_VERSION = 1.0;
				PRODUCT_BUNDLE_IDENTIFIER = com.james.GHFollowersTests;
				PRODUCT_NAME = "$(TARGET_NAME)";
				SWIFT_EMIT_LOC_STRINGS = NO;
				SWIFT_VERSION = 5.0;
				TARGETED_DEVICE_FAMILY = "1,2";
				TEST_HOST = "$(BUILT_PRODUCTS_DIR)/GHFollowers.app/GHFollowers";
			};
			name = Release;
		};
		0DF481B72734F995001409F3 /* Debug */ = {
			isa = XCBuildConfiguration;
			buildSettings = {
				ALWAYS_EMBED_SWIFT_STANDARD_LIBRARIES = YES;
				CODE_SIGN_STYLE = Automatic;
				CURRENT_PROJECT_VERSION = 1;
				DEVELOPMENT_TEAM = 5L2PGYP5GB;
				GENERATE_INFOPLIST_FILE = YES;
				LD_RUNPATH_SEARCH_PATHS = (
					"$(inherited)",
					"@executable_path/Frameworks",
					"@loader_path/Frameworks",
				);
				MARKETING_VERSION = 1.0;
				PRODUCT_BUNDLE_IDENTIFIER = com.james.GHFollowersUITests;
				PRODUCT_NAME = "$(TARGET_NAME)";
				SWIFT_EMIT_LOC_STRINGS = NO;
				SWIFT_VERSION = 5.0;
				TARGETED_DEVICE_FAMILY = "1,2";
				TEST_TARGET_NAME = GHFollowers;
			};
			name = Debug;
		};
		0DF481B82734F995001409F3 /* Release */ = {
			isa = XCBuildConfiguration;
			buildSettings = {
				ALWAYS_EMBED_SWIFT_STANDARD_LIBRARIES = YES;
				CODE_SIGN_STYLE = Automatic;
				CURRENT_PROJECT_VERSION = 1;
				DEVELOPMENT_TEAM = 5L2PGYP5GB;
				GENERATE_INFOPLIST_FILE = YES;
				LD_RUNPATH_SEARCH_PATHS = (
					"$(inherited)",
					"@executable_path/Frameworks",
					"@loader_path/Frameworks",
				);
				MARKETING_VERSION = 1.0;
				PRODUCT_BUNDLE_IDENTIFIER = com.james.GHFollowersUITests;
				PRODUCT_NAME = "$(TARGET_NAME)";
				SWIFT_EMIT_LOC_STRINGS = NO;
				SWIFT_VERSION = 5.0;
				TARGETED_DEVICE_FAMILY = "1,2";
				TEST_TARGET_NAME = GHFollowers;
			};
			name = Release;
		};
/* End XCBuildConfiguration section */

/* Begin XCConfigurationList section */
		0DF481812734F992001409F3 /* Build configuration list for PBXProject "GHFollowers" */ = {
			isa = XCConfigurationList;
			buildConfigurations = (
				0DF481AE2734F995001409F3 /* Debug */,
				0DF481AF2734F995001409F3 /* Release */,
			);
			defaultConfigurationIsVisible = 0;
			defaultConfigurationName = Release;
		};
		0DF481B02734F995001409F3 /* Build configuration list for PBXNativeTarget "GHFollowers" */ = {
			isa = XCConfigurationList;
			buildConfigurations = (
				0DF481B12734F995001409F3 /* Debug */,
				0DF481B22734F995001409F3 /* Release */,
			);
			defaultConfigurationIsVisible = 0;
			defaultConfigurationName = Release;
		};
		0DF481B32734F995001409F3 /* Build configuration list for PBXNativeTarget "GHFollowersTests" */ = {
			isa = XCConfigurationList;
			buildConfigurations = (
				0DF481B42734F995001409F3 /* Debug */,
				0DF481B52734F995001409F3 /* Release */,
			);
			defaultConfigurationIsVisible = 0;
			defaultConfigurationName = Release;
		};
		0DF481B62734F995001409F3 /* Build configuration list for PBXNativeTarget "GHFollowersUITests" */ = {
			isa = XCConfigurationList;
			buildConfigurations = (
				0DF481B72734F995001409F3 /* Debug */,
				0DF481B82734F995001409F3 /* Release */,
			);
			defaultConfigurationIsVisible = 0;
			defaultConfigurationName = Release;
		};
/* End XCConfigurationList section */
	};
	rootObject = 0DF4817E2734F992001409F3 /* Project object */;
}
